
Microsoft Visual Studio Solution File, Format Version 12.00
# Visual Studio Version 17
VisualStudioVersion = 17.12.35514.174
MinimumVisualStudioVersion = 10.0.40219.1
Project("{2150E333-8FDC-42A3-9474-1A3956D46DE8}") = "Src", "Src", "{D3E3A4E7-FC5F-4136-A26A-30DC3CA6A233}"
EndProject
Project("{2150E333-8FDC-42A3-9474-1A3956D46DE8}") = "API", "API", "{9D6BF7A5-D8F6-40CD-85D5-E8FBC29A4438}"
EndProject
Project("{FAE04EC0-301F-11D3-BF4B-00C04F79EFBC}") = "CleanApp.API", "Src\API\CleanApp.API\CleanApp.API.csproj", "{036C9483-8A1D-41DC-85CD-DE696ADC2C18}"
EndProject
Project("{2150E333-8FDC-42A3-9474-1A3956D46DE8}") = "Core", "Core", "{CB9EE83D-F10D-4925-A232-352C9EAA4F80}"
EndProject
Project("{FAE04EC0-301F-11D3-BF4B-00C04F79EFBC}") = "App.Application", "Src\Core\App.Application\App.Application.csproj", "{5DE4A339-A809-48C9-A3F1-E861A6A5383D}"
EndProject
Project("{FAE04EC0-301F-11D3-BF4B-00C04F79EFBC}") = "App.Domain", "Src\Core\App.Domain\App.Domain.csproj", "{90993DB6-B0EF-443D-A47F-48AE8004B9AC}"
EndProject
Project("{2150E333-8FDC-42A3-9474-1A3956D46DE8}") = "Infrastructure", "Infrastructure", "{C309F230-42A2-4E1D-8832-C2930DA2ECD4}"
EndProject
Project("{FAE04EC0-301F-11D3-BF4B-00C04F79EFBC}") = "App.Persistence", "Src\Infrastructure\App.Persistence\App.Persistence.csproj", "{05F65293-4A04-432A-8800-82531F299ACF}"
EndProject
Project("{FAE04EC0-301F-11D3-BF4B-00C04F79EFBC}") = "App.Caching", "Src\Infrastructure\App.Caching\App.Caching.csproj", "{D1B4F869-F9BA-4567-9371-5AD039CDF8C2}"
EndProject
Project("{FAE04EC0-301F-11D3-BF4B-00C04F79EFBC}") = "App.Bus", "Src\Infrastructure\App.Bus\App.Bus.csproj", "{5F7F314F-45B4-44FF-BD59-91D58FC049FD}"
EndProject
Global
	GlobalSection(SolutionConfigurationPlatforms) = preSolution
		Debug|Any CPU = Debug|Any CPU
		Release|Any CPU = Release|Any CPU
	EndGlobalSection
	GlobalSection(ProjectConfigurationPlatforms) = postSolution
		{036C9483-8A1D-41DC-85CD-DE696ADC2C18}.Debug|Any CPU.ActiveCfg = Debug|Any CPU
		{036C9483-8A1D-41DC-85CD-DE696ADC2C18}.Debug|Any CPU.Build.0 = Debug|Any CPU
		{036C9483-8A1D-41DC-85CD-DE696ADC2C18}.Release|Any CPU.ActiveCfg = Release|Any CPU
		{036C9483-8A1D-41DC-85CD-DE696ADC2C18}.Release|Any CPU.Build.0 = Release|Any CPU
		{5DE4A339-A809-48C9-A3F1-E861A6A5383D}.Debug|Any CPU.ActiveCfg = Debug|Any CPU
		{5DE4A339-A809-48C9-A3F1-E861A6A5383D}.Debug|Any CPU.Build.0 = Debug|Any CPU
		{5DE4A339-A809-48C9-A3F1-E861A6A5383D}.Release|Any CPU.ActiveCfg = Release|Any CPU
		{5DE4A339-A809-48C9-A3F1-E861A6A5383D}.Release|Any CPU.Build.0 = Release|Any CPU
		{90993DB6-B0EF-443D-A47F-48AE8004B9AC}.Debug|Any CPU.ActiveCfg = Debug|Any CPU
		{90993DB6-B0EF-443D-A47F-48AE8004B9AC}.Debug|Any CPU.Build.0 = Debug|Any CPU
		{90993DB6-B0EF-443D-A47F-48AE8004B9AC}.Release|Any CPU.ActiveCfg = Release|Any CPU
		{90993DB6-B0EF-443D-A47F-48AE8004B9AC}.Release|Any CPU.Build.0 = Release|Any CPU
		{05F65293-4A04-432A-8800-82531F299ACF}.Debug|Any CPU.ActiveCfg = Debug|Any CPU
		{05F65293-4A04-432A-8800-82531F299ACF}.Debug|Any CPU.Build.0 = Debug|Any CPU
		{05F65293-4A04-432A-8800-82531F299ACF}.Release|Any CPU.ActiveCfg = Release|Any CPU
		{05F65293-4A04-432A-8800-82531F299ACF}.Release|Any CPU.Build.0 = Release|Any CPU
		{D1B4F869-F9BA-4567-9371-5AD039CDF8C2}.Debug|Any CPU.ActiveCfg = Debug|Any CPU
		{D1B4F869-F9BA-4567-9371-5AD039CDF8C2}.Debug|Any CPU.Build.0 = Debug|Any CPU
		{D1B4F869-F9BA-4567-9371-5AD039CDF8C2}.Release|Any CPU.ActiveCfg = Release|Any CPU
		{D1B4F869-F9BA-4567-9371-5AD039CDF8C2}.Release|Any CPU.Build.0 = Release|Any CPU
		{5F7F314F-45B4-44FF-BD59-91D58FC049FD}.Debug|Any CPU.ActiveCfg = Debug|Any CPU
		{5F7F314F-45B4-44FF-BD59-91D58FC049FD}.Debug|Any CPU.Build.0 = Debug|Any CPU
		{5F7F314F-45B4-44FF-BD59-91D58FC049FD}.Release|Any CPU.ActiveCfg = Release|Any CPU
		{5F7F314F-45B4-44FF-BD59-91D58FC049FD}.Release|Any CPU.Build.0 = Release|Any CPU
	EndGlobalSection
	GlobalSection(SolutionProperties) = preSolution
		HideSolutionNode = FALSE
	EndGlobalSection
	GlobalSection(NestedProjects) = preSolution
		{9D6BF7A5-D8F6-40CD-85D5-E8FBC29A4438} = {D3E3A4E7-FC5F-4136-A26A-30DC3CA6A233}
		{036C9483-8A1D-41DC-85CD-DE696ADC2C18} = {9D6BF7A5-D8F6-40CD-85D5-E8FBC29A4438}
		{CB9EE83D-F10D-4925-A232-352C9EAA4F80} = {D3E3A4E7-FC5F-4136-A26A-30DC3CA6A233}
		{5DE4A339-A809-48C9-A3F1-E861A6A5383D} = {CB9EE83D-F10D-4925-A232-352C9EAA4F80}
		{90993DB6-B0EF-443D-A47F-48AE8004B9AC} = {CB9EE83D-F10D-4925-A232-352C9EAA4F80}
		{C309F230-42A2-4E1D-8832-C2930DA2ECD4} = {D3E3A4E7-FC5F-4136-A26A-30DC3CA6A233}
		{05F65293-4A04-432A-8800-82531F299ACF} = {C309F230-42A2-4E1D-8832-C2930DA2ECD4}
		{D1B4F869-F9BA-4567-9371-5AD039CDF8C2} = {C309F230-42A2-4E1D-8832-C2930DA2ECD4}
		{5F7F314F-45B4-44FF-BD59-91D58FC049FD} = {C309F230-42A2-4E1D-8832-C2930DA2ECD4}
	EndGlobalSection
EndGlobal
